
Microsoft Visual Studio Solution File, Format Version 12.00
# Visual Studio Version 17
VisualStudioVersion = 17.7.34202.233
MinimumVisualStudioVersion = 10.0.40219.1
Project("{FAE04EC0-301F-11D3-BF4B-00C04F79EFBC}") = "Criando Menu", "Criando Menu.csproj", "{9807DBE7-3BF5-4B6E-B388-3A2A6BCDCEB9}"
EndProject
Global
	GlobalSection(SolutionConfigurationPlatforms) = preSolution
		Debug|Any CPU = Debug|Any CPU
		Release|Any CPU = Release|Any CPU
	EndGlobalSection
	GlobalSection(ProjectConfigurationPlatforms) = postSolution
		{9807DBE7-3BF5-4B6E-B388-3A2A6BCDCEB9}.Debug|Any CPU.ActiveCfg = Debug|Any CPU
		{9807DBE7-3BF5-4B6E-B388-3A2A6BCDCEB9}.Debug|Any CPU.Build.0 = Debug|Any CPU
		{9807DBE7-3BF5-4B6E-B388-3A2A6BCDCEB9}.Release|Any CPU.ActiveCfg = Release|Any CPU
		{9807DBE7-3BF5-4B6E-B388-3A2A6BCDCEB9}.Release|Any CPU.Build.0 = Release|Any CPU
	EndGlobalSection
	GlobalSection(SolutionProperties) = preSolution
		HideSolutionNode = FALSE
	EndGlobalSection
	GlobalSection(ExtensibilityGlobals) = postSolution
		SolutionGuid = {78E5B3CE-1FA1-470C-ADD1-DA01F52EC7EA}
	EndGlobalSection
EndGlobal
