
Microsoft Visual Studio Solution File, Format Version 12.00
# Visual Studio Version 17
VisualStudioVersion = 17.7.34202.233
MinimumVisualStudioVersion = 10.0.40219.1
Project("{FAE04EC0-301F-11D3-BF4B-00C04F79EFBC}") = "ex046", "ex046.csproj", "{2C031B2D-844D-46D7-A340-0772BB9F9FB4}"
EndProject
Global
	GlobalSection(SolutionConfigurationPlatforms) = preSolution
		Debug|Any CPU = Debug|Any CPU
		Release|Any CPU = Release|Any CPU
	EndGlobalSection
	GlobalSection(ProjectConfigurationPlatforms) = postSolution
		{2C031B2D-844D-46D7-A340-0772BB9F9FB4}.Debug|Any CPU.ActiveCfg = Debug|Any CPU
		{2C031B2D-844D-46D7-A340-0772BB9F9FB4}.Debug|Any CPU.Build.0 = Debug|Any CPU
		{2C031B2D-844D-46D7-A340-0772BB9F9FB4}.Release|Any CPU.ActiveCfg = Release|Any CPU
		{2C031B2D-844D-46D7-A340-0772BB9F9FB4}.Release|Any CPU.Build.0 = Release|Any CPU
	EndGlobalSection
	GlobalSection(SolutionProperties) = preSolution
		HideSolutionNode = FALSE
	EndGlobalSection
	GlobalSection(ExtensibilityGlobals) = postSolution
		SolutionGuid = {70D025B2-E6CB-4B71-8CBC-DF6E35B76B8B}
	EndGlobalSection
EndGlobal
