
Microsoft Visual Studio Solution File, Format Version 12.00
# Visual Studio Version 17
VisualStudioVersion = 17.7.34202.233
MinimumVisualStudioVersion = 10.0.40219.1
Project("{FAE04EC0-301F-11D3-BF4B-00C04F79EFBC}") = "ex006", "ex006.csproj", "{D83A470F-4888-467E-8ED9-BC5D24E372B0}"
EndProject
Global
	GlobalSection(SolutionConfigurationPlatforms) = preSolution
		Debug|Any CPU = Debug|Any CPU
		Release|Any CPU = Release|Any CPU
	EndGlobalSection
	GlobalSection(ProjectConfigurationPlatforms) = postSolution
		{D83A470F-4888-467E-8ED9-BC5D24E372B0}.Debug|Any CPU.ActiveCfg = Debug|Any CPU
		{D83A470F-4888-467E-8ED9-BC5D24E372B0}.Debug|Any CPU.Build.0 = Debug|Any CPU
		{D83A470F-4888-467E-8ED9-BC5D24E372B0}.Release|Any CPU.ActiveCfg = Release|Any CPU
		{D83A470F-4888-467E-8ED9-BC5D24E372B0}.Release|Any CPU.Build.0 = Release|Any CPU
	EndGlobalSection
	GlobalSection(SolutionProperties) = preSolution
		HideSolutionNode = FALSE
	EndGlobalSection
	GlobalSection(ExtensibilityGlobals) = postSolution
		SolutionGuid = {4FE27669-26B7-431C-8181-B608D30AFD55}
	EndGlobalSection
EndGlobal
