
Microsoft Visual Studio Solution File, Format Version 12.00
# Visual Studio Version 17
VisualStudioVersion = 17.7.34202.233
MinimumVisualStudioVersion = 10.0.40219.1
Project("{FAE04EC0-301F-11D3-BF4B-00C04F79EFBC}") = "jogoGenius", "jogoGenius.csproj", "{6A6F34AA-3DC4-4A32-8B15-FCE6110DC99C}"
EndProject
Global
	GlobalSection(SolutionConfigurationPlatforms) = preSolution
		Debug|Any CPU = Debug|Any CPU
		Release|Any CPU = Release|Any CPU
	EndGlobalSection
	GlobalSection(ProjectConfigurationPlatforms) = postSolution
		{6A6F34AA-3DC4-4A32-8B15-FCE6110DC99C}.Debug|Any CPU.ActiveCfg = Debug|Any CPU
		{6A6F34AA-3DC4-4A32-8B15-FCE6110DC99C}.Debug|Any CPU.Build.0 = Debug|Any CPU
		{6A6F34AA-3DC4-4A32-8B15-FCE6110DC99C}.Release|Any CPU.ActiveCfg = Release|Any CPU
		{6A6F34AA-3DC4-4A32-8B15-FCE6110DC99C}.Release|Any CPU.Build.0 = Release|Any CPU
	EndGlobalSection
	GlobalSection(SolutionProperties) = preSolution
		HideSolutionNode = FALSE
	EndGlobalSection
	GlobalSection(ExtensibilityGlobals) = postSolution
		SolutionGuid = {27D28D9B-EE0E-4A62-B126-2F18771C578C}
	EndGlobalSection
EndGlobal
