
Microsoft Visual Studio Solution File, Format Version 12.00
# Visual Studio Version 17
VisualStudioVersion = 17.7.34202.233
MinimumVisualStudioVersion = 10.0.40219.1
Project("{FAE04EC0-301F-11D3-BF4B-00C04F79EFBC}") = "calculadora", "calculadora.csproj", "{B7013988-0FDB-4DD7-97DB-BAC977A4EFE7}"
EndProject
Global
	GlobalSection(SolutionConfigurationPlatforms) = preSolution
		Debug|Any CPU = Debug|Any CPU
		Release|Any CPU = Release|Any CPU
	EndGlobalSection
	GlobalSection(ProjectConfigurationPlatforms) = postSolution
		{B7013988-0FDB-4DD7-97DB-BAC977A4EFE7}.Debug|Any CPU.ActiveCfg = Debug|Any CPU
		{B7013988-0FDB-4DD7-97DB-BAC977A4EFE7}.Debug|Any CPU.Build.0 = Debug|Any CPU
		{B7013988-0FDB-4DD7-97DB-BAC977A4EFE7}.Release|Any CPU.ActiveCfg = Release|Any CPU
		{B7013988-0FDB-4DD7-97DB-BAC977A4EFE7}.Release|Any CPU.Build.0 = Release|Any CPU
	EndGlobalSection
	GlobalSection(SolutionProperties) = preSolution
		HideSolutionNode = FALSE
	EndGlobalSection
	GlobalSection(ExtensibilityGlobals) = postSolution
		SolutionGuid = {02BEC076-7FDC-46E2-8674-7AC4E9A8026E}
	EndGlobalSection
EndGlobal
